// !$*UTF8*$!
{
	archiveVersion = 1;
	classes = {
	};
	objectVersion = 54;
	objects = {

/* Begin PBXBuildFile section */
		00E356F31AD99517003FC87E /* OnBoardTests.m in Sources */ = {isa = PBXBuildFile; fileRef = 00E356F21AD99517003FC87E /* OnBoardTests.m */; };
		0A4CFAC81E970162A0188595 /* libPods-OnBoard-OnBoardTests.a in Frameworks */ = {isa = PBXBuildFile; fileRef = CE513C43E72D12C7B98BAA97 /* libPods-OnBoard-OnBoardTests.a */; };
		13B07FBC1A68108700A75B9A /* AppDelegate.mm in Sources */ = {isa = PBXBuildFile; fileRef = 13B07FB01A68108700A75B9A /* AppDelegate.mm */; };
		13B07FBF1A68108700A75B9A /* Images.xcassets in Resources */ = {isa = PBXBuildFile; fileRef = 13B07FB51A68108700A75B9A /* Images.xcassets */; };
		13B07FC11A68108700A75B9A /* main.m in Sources */ = {isa = PBXBuildFile; fileRef = 13B07FB71A68108700A75B9A /* main.m */; };
		1E4D981207352E87BED58B51 /* libPods-OnBoard.a in Frameworks */ = {isa = PBXBuildFile; fileRef = 00D00722DD6B368C15D4F6CC /* libPods-OnBoard.a */; };
		3DBF37B284CBAFD244093873 /* PrivacyInfo.xcprivacy in Resources */ = {isa = PBXBuildFile; fileRef = 13B07FB81A68108700A75B9A /* PrivacyInfo.xcprivacy */; };
		4650E7D129817C71002773D7 /* Quicksand-Regular.ttf in Resources */ = {isa = PBXBuildFile; fileRef = 4650E7CC29817C5B002773D7 /* Quicksand-Regular.ttf */; };
		4650E7D229817C71002773D7 /* Quicksand-Regular.ttf in Resources */ = {isa = PBXBuildFile; fileRef = 4650E7CC29817C5B002773D7 /* Quicksand-Regular.ttf */; };
		4650E7D329817C71002773D7 /* Quicksand-Bold.ttf in Resources */ = {isa = PBXBuildFile; fileRef = 4650E7CD29817C5B002773D7 /* Quicksand-Bold.ttf */; };
		4650E7D429817C71002773D7 /* Quicksand-Bold.ttf in Resources */ = {isa = PBXBuildFile; fileRef = 4650E7CD29817C5B002773D7 /* Quicksand-Bold.ttf */; };
		4650E7D529817C71002773D7 /* Quicksand-Medium.ttf in Resources */ = {isa = PBXBuildFile; fileRef = 4650E7CE29817C64002773D7 /* Quicksand-Medium.ttf */; };
		4650E7D629817C71002773D7 /* Quicksand-Medium.ttf in Resources */ = {isa = PBXBuildFile; fileRef = 4650E7CE29817C64002773D7 /* Quicksand-Medium.ttf */; };
		4650E7D729817C71002773D7 /* Quicksand-Light.ttf in Resources */ = {isa = PBXBuildFile; fileRef = 4650E7CF29817C6A002773D7 /* Quicksand-Light.ttf */; };
		4650E7D829817C71002773D7 /* Quicksand-Light.ttf in Resources */ = {isa = PBXBuildFile; fileRef = 4650E7CF29817C6A002773D7 /* Quicksand-Light.ttf */; };
		4650E7D929817C71002773D7 /* Quicksand-SemiBold.ttf in Resources */ = {isa = PBXBuildFile; fileRef = 4650E7D029817C71002773D7 /* Quicksand-SemiBold.ttf */; };
		4650E7DA29817C71002773D7 /* Quicksand-SemiBold.ttf in Resources */ = {isa = PBXBuildFile; fileRef = 4650E7D029817C71002773D7 /* Quicksand-SemiBold.ttf */; };
		4661D2772980D30100F3F999 /* Ionicons.ttf in Resources */ = {isa = PBXBuildFile; fileRef = 4661D2672980D30100F3F999 /* Ionicons.ttf */; };
		4661D2782980D30100F3F999 /* Ionicons.ttf in Resources */ = {isa = PBXBuildFile; fileRef = 4661D2672980D30100F3F999 /* Ionicons.ttf */; };
		4661D2792980D30100F3F999 /* Foundation.ttf in Resources */ = {isa = PBXBuildFile; fileRef = 4661D2682980D30100F3F999 /* Foundation.ttf */; };
		4661D27A2980D30100F3F999 /* Foundation.ttf in Resources */ = {isa = PBXBuildFile; fileRef = 4661D2682980D30100F3F999 /* Foundation.ttf */; };
		4661D27B2980D30100F3F999 /* FontAwesome.ttf in Resources */ = {isa = PBXBuildFile; fileRef = 4661D2692980D30100F3F999 /* FontAwesome.ttf */; };
		4661D27C2980D30100F3F999 /* FontAwesome.ttf in Resources */ = {isa = PBXBuildFile; fileRef = 4661D2692980D30100F3F999 /* FontAwesome.ttf */; };
		4661D27D2980D30100F3F999 /* Fontisto.ttf in Resources */ = {isa = PBXBuildFile; fileRef = 4661D26A2980D30100F3F999 /* Fontisto.ttf */; };
		4661D27E2980D30100F3F999 /* Fontisto.ttf in Resources */ = {isa = PBXBuildFile; fileRef = 4661D26A2980D30100F3F999 /* Fontisto.ttf */; };
		4661D27F2980D30100F3F999 /* FontAwesome5_Brands.ttf in Resources */ = {isa = PBXBuildFile; fileRef = 4661D26B2980D30100F3F999 /* FontAwesome5_Brands.ttf */; };
		4661D2802980D30100F3F999 /* FontAwesome5_Brands.ttf in Resources */ = {isa = PBXBuildFile; fileRef = 4661D26B2980D30100F3F999 /* FontAwesome5_Brands.ttf */; };
		4661D2812980D30100F3F999 /* Feather.ttf in Resources */ = {isa = PBXBuildFile; fileRef = 4661D26C2980D30100F3F999 /* Feather.ttf */; };
		4661D2822980D30100F3F999 /* Feather.ttf in Resources */ = {isa = PBXBuildFile; fileRef = 4661D26C2980D30100F3F999 /* Feather.ttf */; };
		4661D2832980D30100F3F999 /* AntDesign.ttf in Resources */ = {isa = PBXBuildFile; fileRef = 4661D26D2980D30100F3F999 /* AntDesign.ttf */; };
		4661D2842980D30100F3F999 /* AntDesign.ttf in Resources */ = {isa = PBXBuildFile; fileRef = 4661D26D2980D30100F3F999 /* AntDesign.ttf */; };
		4661D2852980D30100F3F999 /* Octicons.ttf in Resources */ = {isa = PBXBuildFile; fileRef = 4661D26E2980D30100F3F999 /* Octicons.ttf */; };
		4661D2862980D30100F3F999 /* Octicons.ttf in Resources */ = {isa = PBXBuildFile; fileRef = 4661D26E2980D30100F3F999 /* Octicons.ttf */; };
		4661D2872980D30100F3F999 /* SimpleLineIcons.ttf in Resources */ = {isa = PBXBuildFile; fileRef = 4661D26F2980D30100F3F999 /* SimpleLineIcons.ttf */; };
		4661D2882980D30100F3F999 /* SimpleLineIcons.ttf in Resources */ = {isa = PBXBuildFile; fileRef = 4661D26F2980D30100F3F999 /* SimpleLineIcons.ttf */; };
		4661D2892980D30100F3F999 /* EvilIcons.ttf in Resources */ = {isa = PBXBuildFile; fileRef = 4661D2702980D30100F3F999 /* EvilIcons.ttf */; };
		4661D28A2980D30100F3F999 /* EvilIcons.ttf in Resources */ = {isa = PBXBuildFile; fileRef = 4661D2702980D30100F3F999 /* EvilIcons.ttf */; };
		4661D28B2980D30100F3F999 /* MaterialCommunityIcons.ttf in Resources */ = {isa = PBXBuildFile; fileRef = 4661D2712980D30100F3F999 /* MaterialCommunityIcons.ttf */; };
		4661D28C2980D30100F3F999 /* MaterialCommunityIcons.ttf in Resources */ = {isa = PBXBuildFile; fileRef = 4661D2712980D30100F3F999 /* MaterialCommunityIcons.ttf */; };
		4661D28D2980D30100F3F999 /* MaterialIcons.ttf in Resources */ = {isa = PBXBuildFile; fileRef = 4661D2722980D30100F3F999 /* MaterialIcons.ttf */; };
		4661D28E2980D30100F3F999 /* MaterialIcons.ttf in Resources */ = {isa = PBXBuildFile; fileRef = 4661D2722980D30100F3F999 /* MaterialIcons.ttf */; };
		4661D28F2980D30100F3F999 /* FontAwesome5_Solid.ttf in Resources */ = {isa = PBXBuildFile; fileRef = 4661D2732980D30100F3F999 /* FontAwesome5_Solid.ttf */; };
		4661D2902980D30100F3F999 /* FontAwesome5_Solid.ttf in Resources */ = {isa = PBXBuildFile; fileRef = 4661D2732980D30100F3F999 /* FontAwesome5_Solid.ttf */; };
		4661D2912980D30100F3F999 /* Entypo.ttf in Resources */ = {isa = PBXBuildFile; fileRef = 4661D2742980D30100F3F999 /* Entypo.ttf */; };
		4661D2922980D30100F3F999 /* Entypo.ttf in Resources */ = {isa = PBXBuildFile; fileRef = 4661D2742980D30100F3F999 /* Entypo.ttf */; };
		4661D2932980D30100F3F999 /* Zocial.ttf in Resources */ = {isa = PBXBuildFile; fileRef = 4661D2752980D30100F3F999 /* Zocial.ttf */; };
		4661D2942980D30100F3F999 /* Zocial.ttf in Resources */ = {isa = PBXBuildFile; fileRef = 4661D2752980D30100F3F999 /* Zocial.ttf */; };
		4661D2952980D30100F3F999 /* FontAwesome5_Regular.ttf in Resources */ = {isa = PBXBuildFile; fileRef = 4661D2762980D30100F3F999 /* FontAwesome5_Regular.ttf */; };
		4661D2962980D30100F3F999 /* FontAwesome5_Regular.ttf in Resources */ = {isa = PBXBuildFile; fileRef = 4661D2762980D30100F3F999 /* FontAwesome5_Regular.ttf */; };
		81AB9BB82411601600AC10FF /* LaunchScreen.storyboard in Resources */ = {isa = PBXBuildFile; fileRef = 81AB9BB72411601600AC10FF /* LaunchScreen.storyboard */; };
/* End PBXBuildFile section */

/* Begin PBXContainerItemProxy section */
		00E356F41AD99517003FC87E /* PBXContainerItemProxy */ = {
			isa = PBXContainerItemProxy;
			containerPortal = 83CBB9F71A601CBA00E9B192 /* Project object */;
			proxyType = 1;
			remoteGlobalIDString = 13B07F861A680F5B00A75B9A;
			remoteInfo = OnBoard;
		};
/* End PBXContainerItemProxy section */

/* Begin PBXFileReference section */
		00D00722DD6B368C15D4F6CC /* libPods-OnBoard.a */ = {isa = PBXFileReference; explicitFileType = archive.ar; includeInIndex = 0; path = "libPods-OnBoard.a"; sourceTree = BUILT_PRODUCTS_DIR; };
		00E356EE1AD99517003FC87E /* OnBoardTests.xctest */ = {isa = PBXFileReference; explicitFileType = wrapper.cfbundle; includeInIndex = 0; path = OnBoardTests.xctest; sourceTree = BUILT_PRODUCTS_DIR; };
		00E356F11AD99517003FC87E /* Info.plist */ = {isa = PBXFileReference; lastKnownFileType = text.plist.xml; path = Info.plist; sourceTree = "<group>"; };
		00E356F21AD99517003FC87E /* OnBoardTests.m */ = {isa = PBXFileReference; lastKnownFileType = sourcecode.c.objc; path = OnBoardTests.m; sourceTree = "<group>"; };
		13B07F961A680F5B00A75B9A /* OnBoard.app */ = {isa = PBXFileReference; explicitFileType = wrapper.application; includeInIndex = 0; path = OnBoard.app; sourceTree = BUILT_PRODUCTS_DIR; };
		13B07FAF1A68108700A75B9A /* AppDelegate.h */ = {isa = PBXFileReference; fileEncoding = 4; lastKnownFileType = sourcecode.c.h; name = AppDelegate.h; path = OnBoard/AppDelegate.h; sourceTree = "<group>"; };
		13B07FB01A68108700A75B9A /* AppDelegate.mm */ = {isa = PBXFileReference; fileEncoding = 4; lastKnownFileType = sourcecode.cpp.objcpp; name = AppDelegate.mm; path = OnBoard/AppDelegate.mm; sourceTree = "<group>"; };
		13B07FB51A68108700A75B9A /* Images.xcassets */ = {isa = PBXFileReference; lastKnownFileType = folder.assetcatalog; name = Images.xcassets; path = OnBoard/Images.xcassets; sourceTree = "<group>"; };
		13B07FB61A68108700A75B9A /* Info.plist */ = {isa = PBXFileReference; fileEncoding = 4; lastKnownFileType = text.plist.xml; name = Info.plist; path = OnBoard/Info.plist; sourceTree = "<group>"; };
		13B07FB71A68108700A75B9A /* main.m */ = {isa = PBXFileReference; fileEncoding = 4; lastKnownFileType = sourcecode.c.objc; name = main.m; path = OnBoard/main.m; sourceTree = "<group>"; };
		13B07FB81A68108700A75B9A /* PrivacyInfo.xcprivacy */ = {isa = PBXFileReference; fileEncoding = 4; lastKnownFileType = text.plist.xml; name = PrivacyInfo.xcprivacy; path = OnBoard/PrivacyInfo.xcprivacy; sourceTree = "<group>"; };
		15CDDEE4C7ECFE33F229DF00 /* Pods-OnBoard.debug.xcconfig */ = {isa = PBXFileReference; includeInIndex = 1; lastKnownFileType = text.xcconfig; name = "Pods-OnBoard.debug.xcconfig"; path = "Target Support Files/Pods-OnBoard/Pods-OnBoard.debug.xcconfig"; sourceTree = "<group>"; };
		4650E7CC29817C5B002773D7 /* Quicksand-Regular.ttf */ = {isa = PBXFileReference; lastKnownFileType = file; name = "Quicksand-Regular.ttf"; path = "../../../src/assets/fonts/Quicksand-Regular.ttf"; sourceTree = "<group>"; };
		4650E7CD29817C5B002773D7 /* Quicksand-Bold.ttf */ = {isa = PBXFileReference; lastKnownFileType = file; name = "Quicksand-Bold.ttf"; path = "../src/assets/fonts/Quicksand-Bold.ttf"; sourceTree = SOURCE_ROOT; };
		4650E7CE29817C64002773D7 /* Quicksand-Medium.ttf */ = {isa = PBXFileReference; lastKnownFileType = file; name = "Quicksand-Medium.ttf"; path = "../../../src/assets/fonts/Quicksand-Medium.ttf"; sourceTree = "<group>"; };
		4650E7CF29817C6A002773D7 /* Quicksand-Light.ttf */ = {isa = PBXFileReference; lastKnownFileType = file; name = "Quicksand-Light.ttf"; path = "../../../src/assets/fonts/Quicksand-Light.ttf"; sourceTree = "<group>"; };
		4650E7D029817C71002773D7 /* Quicksand-SemiBold.ttf */ = {isa = PBXFileReference; lastKnownFileType = file; name = "Quicksand-SemiBold.ttf"; path = "../../../src/assets/fonts/Quicksand-SemiBold.ttf"; sourceTree = "<group>"; };
		4661D2672980D30100F3F999 /* Ionicons.ttf */ = {isa = PBXFileReference; lastKnownFileType = file; path = Ionicons.ttf; sourceTree = "<group>"; };
		4661D2682980D30100F3F999 /* Foundation.ttf */ = {isa = PBXFileReference; lastKnownFileType = file; path = Foundation.ttf; sourceTree = "<group>"; };
		4661D2692980D30100F3F999 /* FontAwesome.ttf */ = {isa = PBXFileReference; lastKnownFileType = file; path = FontAwesome.ttf; sourceTree = "<group>"; };
		4661D26A2980D30100F3F999 /* Fontisto.ttf */ = {isa = PBXFileReference; lastKnownFileType = file; path = Fontisto.ttf; sourceTree = "<group>"; };
		4661D26B2980D30100F3F999 /* FontAwesome5_Brands.ttf */ = {isa = PBXFileReference; lastKnownFileType = file; path = FontAwesome5_Brands.ttf; sourceTree = "<group>"; };
		4661D26C2980D30100F3F999 /* Feather.ttf */ = {isa = PBXFileReference; lastKnownFileType = file; path = Feather.ttf; sourceTree = "<group>"; };
		4661D26D2980D30100F3F999 /* AntDesign.ttf */ = {isa = PBXFileReference; lastKnownFileType = file; path = AntDesign.ttf; sourceTree = "<group>"; };
		4661D26E2980D30100F3F999 /* Octicons.ttf */ = {isa = PBXFileReference; lastKnownFileType = file; path = Octicons.ttf; sourceTree = "<group>"; };
		4661D26F2980D30100F3F999 /* SimpleLineIcons.ttf */ = {isa = PBXFileReference; lastKnownFileType = file; path = SimpleLineIcons.ttf; sourceTree = "<group>"; };
		4661D2702980D30100F3F999 /* EvilIcons.ttf */ = {isa = PBXFileReference; lastKnownFileType = file; path = EvilIcons.ttf; sourceTree = "<group>"; };
		4661D2712980D30100F3F999 /* MaterialCommunityIcons.ttf */ = {isa = PBXFileReference; lastKnownFileType = file; path = MaterialCommunityIcons.ttf; sourceTree = "<group>"; };
		4661D2722980D30100F3F999 /* MaterialIcons.ttf */ = {isa = PBXFileReference; lastKnownFileType = file; path = MaterialIcons.ttf; sourceTree = "<group>"; };
		4661D2732980D30100F3F999 /* FontAwesome5_Solid.ttf */ = {isa = PBXFileReference; lastKnownFileType = file; path = FontAwesome5_Solid.ttf; sourceTree = "<group>"; };
		4661D2742980D30100F3F999 /* Entypo.ttf */ = {isa = PBXFileReference; lastKnownFileType = file; path = Entypo.ttf; sourceTree = "<group>"; };
		4661D2752980D30100F3F999 /* Zocial.ttf */ = {isa = PBXFileReference; lastKnownFileType = file; path = Zocial.ttf; sourceTree = "<group>"; };
		4661D2762980D30100F3F999 /* FontAwesome5_Regular.ttf */ = {isa = PBXFileReference; lastKnownFileType = file; path = FontAwesome5_Regular.ttf; sourceTree = "<group>"; };
		63038A2C1881EAF4F39803F6 /* Pods-OnBoard.release.xcconfig */ = {isa = PBXFileReference; includeInIndex = 1; lastKnownFileType = text.xcconfig; name = "Pods-OnBoard.release.xcconfig"; path = "Target Support Files/Pods-OnBoard/Pods-OnBoard.release.xcconfig"; sourceTree = "<group>"; };
		81AB9BB72411601600AC10FF /* LaunchScreen.storyboard */ = {isa = PBXFileReference; fileEncoding = 4; lastKnownFileType = file.storyboard; name = LaunchScreen.storyboard; path = OnBoard/LaunchScreen.storyboard; sourceTree = "<group>"; };
		99B89462D8A166F0B4E18F5F /* Pods-OnBoard-OnBoardTests.debug.xcconfig */ = {isa = PBXFileReference; includeInIndex = 1; lastKnownFileType = text.xcconfig; name = "Pods-OnBoard-OnBoardTests.debug.xcconfig"; path = "Target Support Files/Pods-OnBoard-OnBoardTests/Pods-OnBoard-OnBoardTests.debug.xcconfig"; sourceTree = "<group>"; };
		CD038B344FC4B85AAB2089DE /* Pods-OnBoard-OnBoardTests.release.xcconfig */ = {isa = PBXFileReference; includeInIndex = 1; lastKnownFileType = text.xcconfig; name = "Pods-OnBoard-OnBoardTests.release.xcconfig"; path = "Target Support Files/Pods-OnBoard-OnBoardTests/Pods-OnBoard-OnBoardTests.release.xcconfig"; sourceTree = "<group>"; };
		CE513C43E72D12C7B98BAA97 /* libPods-OnBoard-OnBoardTests.a */ = {isa = PBXFileReference; explicitFileType = archive.ar; includeInIndex = 0; path = "libPods-OnBoard-OnBoardTests.a"; sourceTree = BUILT_PRODUCTS_DIR; };
		ED297162215061F000B7C4FE /* JavaScriptCore.framework */ = {isa = PBXFileReference; lastKnownFileType = wrapper.framework; name = JavaScriptCore.framework; path = System/Library/Frameworks/JavaScriptCore.framework; sourceTree = SDKROOT; };
/* End PBXFileReference section */

/* Begin PBXFrameworksBuildPhase section */
		00E356EB1AD99517003FC87E /* Frameworks */ = {
			isa = PBXFrameworksBuildPhase;
			buildActionMask = 2147483647;
			files = (
				0A4CFAC81E970162A0188595 /* libPods-OnBoard-OnBoardTests.a in Frameworks */,
			);
			runOnlyForDeploymentPostprocessing = 0;
		};
		13B07F8C1A680F5B00A75B9A /* Frameworks */ = {
			isa = PBXFrameworksBuildPhase;
			buildActionMask = 2147483647;
			files = (
				1E4D981207352E87BED58B51 /* libPods-OnBoard.a in Frameworks */,
			);
			runOnlyForDeploymentPostprocessing = 0;
		};
/* End PBXFrameworksBuildPhase section */

/* Begin PBXGroup section */
		00E356EF1AD99517003FC87E /* OnBoardTests */ = {
			isa = PBXGroup;
			children = (
				00E356F21AD99517003FC87E /* OnBoardTests.m */,
				00E356F01AD99517003FC87E /* Supporting Files */,
			);
			path = OnBoardTests;
			sourceTree = "<group>";
		};
		00E356F01AD99517003FC87E /* Supporting Files */ = {
			isa = PBXGroup;
			children = (
				00E356F11AD99517003FC87E /* Info.plist */,
			);
			name = "Supporting Files";
			sourceTree = "<group>";
		};
		13B07FAE1A68108700A75B9A /* OnBoard */ = {
			isa = PBXGroup;
			children = (
				13B07FAF1A68108700A75B9A /* AppDelegate.h */,
				13B07FB01A68108700A75B9A /* AppDelegate.mm */,
				13B07FB51A68108700A75B9A /* Images.xcassets */,
				13B07FB61A68108700A75B9A /* Info.plist */,
				81AB9BB72411601600AC10FF /* LaunchScreen.storyboard */,
				13B07FB71A68108700A75B9A /* main.m */,
				13B07FB81A68108700A75B9A /* PrivacyInfo.xcprivacy */,
			);
			name = OnBoard;
			sourceTree = "<group>";
		};
		2D16E6871FA4F8E400B85C8A /* Frameworks */ = {
			isa = PBXGroup;
			children = (
				ED297162215061F000B7C4FE /* JavaScriptCore.framework */,
				00D00722DD6B368C15D4F6CC /* libPods-OnBoard.a */,
				CE513C43E72D12C7B98BAA97 /* libPods-OnBoard-OnBoardTests.a */,
			);
			name = Frameworks;
			sourceTree = "<group>";
		};
		4661D2362980D0EF00F3F999 /* Fonts */ = {
			isa = PBXGroup;
			children = (
				4650E7CD29817C5B002773D7 /* Quicksand-Bold.ttf */,
				4650E7CF29817C6A002773D7 /* Quicksand-Light.ttf */,
				4650E7CE29817C64002773D7 /* Quicksand-Medium.ttf */,
				4650E7CC29817C5B002773D7 /* Quicksand-Regular.ttf */,
				4650E7D029817C71002773D7 /* Quicksand-SemiBold.ttf */,
				4661D26D2980D30100F3F999 /* AntDesign.ttf */,
				4661D2742980D30100F3F999 /* Entypo.ttf */,
				4661D2702980D30100F3F999 /* EvilIcons.ttf */,
				4661D26C2980D30100F3F999 /* Feather.ttf */,
				4661D2692980D30100F3F999 /* FontAwesome.ttf */,
				4661D26B2980D30100F3F999 /* FontAwesome5_Brands.ttf */,
				4661D2762980D30100F3F999 /* FontAwesome5_Regular.ttf */,
				4661D2732980D30100F3F999 /* FontAwesome5_Solid.ttf */,
				4661D26A2980D30100F3F999 /* Fontisto.ttf */,
				4661D2682980D30100F3F999 /* Foundation.ttf */,
				4661D2672980D30100F3F999 /* Ionicons.ttf */,
				4661D2712980D30100F3F999 /* MaterialCommunityIcons.ttf */,
				4661D2722980D30100F3F999 /* MaterialIcons.ttf */,
				4661D26E2980D30100F3F999 /* Octicons.ttf */,
				4661D26F2980D30100F3F999 /* SimpleLineIcons.ttf */,
				4661D2752980D30100F3F999 /* Zocial.ttf */,
			);
			name = Fonts;
			path = "../node_modules/react-native-vector-icons/Fonts";
			sourceTree = "<group>";
		};
		832341AE1AAA6A7D00B99B32 /* Libraries */ = {
			isa = PBXGroup;
			children = (
			);
			name = Libraries;
			sourceTree = "<group>";
		};
		83CBB9F61A601CBA00E9B192 = {
			isa = PBXGroup;
			children = (
				4661D2362980D0EF00F3F999 /* Fonts */,
				13B07FAE1A68108700A75B9A /* OnBoard */,
				832341AE1AAA6A7D00B99B32 /* Libraries */,
				00E356EF1AD99517003FC87E /* OnBoardTests */,
				83CBBA001A601CBA00E9B192 /* Products */,
				2D16E6871FA4F8E400B85C8A /* Frameworks */,
				BBD78D7AC51CEA395F1C20DB /* Pods */,
			);
			indentWidth = 2;
			sourceTree = "<group>";
			tabWidth = 2;
			usesTabs = 0;
		};
		83CBBA001A601CBA00E9B192 /* Products */ = {
			isa = PBXGroup;
			children = (
				13B07F961A680F5B00A75B9A /* OnBoard.app */,
				00E356EE1AD99517003FC87E /* OnBoardTests.xctest */,
			);
			name = Products;
			sourceTree = "<group>";
		};
		BBD78D7AC51CEA395F1C20DB /* Pods */ = {
			isa = PBXGroup;
			children = (
				15CDDEE4C7ECFE33F229DF00 /* Pods-OnBoard.debug.xcconfig */,
				63038A2C1881EAF4F39803F6 /* Pods-OnBoard.release.xcconfig */,
				99B89462D8A166F0B4E18F5F /* Pods-OnBoard-OnBoardTests.debug.xcconfig */,
				CD038B344FC4B85AAB2089DE /* Pods-OnBoard-OnBoardTests.release.xcconfig */,
			);
			path = Pods;
			sourceTree = "<group>";
		};
/* End PBXGroup section */

/* Begin PBXNativeTarget section */
		00E356ED1AD99517003FC87E /* OnBoardTests */ = {
			isa = PBXNativeTarget;
			buildConfigurationList = 00E357021AD99517003FC87E /* Build configuration list for PBXNativeTarget "OnBoardTests" */;
			buildPhases = (
				155785090762C2D9BF433337 /* [CP] Check Pods Manifest.lock */,
				00E356EA1AD99517003FC87E /* Sources */,
				00E356EB1AD99517003FC87E /* Frameworks */,
				00E356EC1AD99517003FC87E /* Resources */,
				6266A52D2D8808305DDD75D6 /* [CP] Embed Pods Frameworks */,
				C51737A9AD69BD7E5856B1E2 /* [CP] Copy Pods Resources */,
			);
			buildRules = (
			);
			dependencies = (
				00E356F51AD99517003FC87E /* PBXTargetDependency */,
			);
			name = OnBoardTests;
			productName = OnBoardTests;
			productReference = 00E356EE1AD99517003FC87E /* OnBoardTests.xctest */;
			productType = "com.apple.product-type.bundle.unit-test";
		};
		13B07F861A680F5B00A75B9A /* OnBoard */ = {
			isa = PBXNativeTarget;
			buildConfigurationList = 13B07F931A680F5B00A75B9A /* Build configuration list for PBXNativeTarget "OnBoard" */;
			buildPhases = (
				50D46434D3EA5E8006AC6861 /* [CP] Check Pods Manifest.lock */,
				13B07F871A680F5B00A75B9A /* Sources */,
				13B07F8C1A680F5B00A75B9A /* Frameworks */,
				13B07F8E1A680F5B00A75B9A /* Resources */,
				00DD1BFF1BD5951E006B06BC /* Bundle React Native code and images */,
				E0A68A9453D7E33BD7A32F35 /* [CP] Embed Pods Frameworks */,
				FA7BC4C8F34C54C0E0186C85 /* [CP] Copy Pods Resources */,
			);
			buildRules = (
			);
			dependencies = (
			);
			name = OnBoard;
			productName = OnBoard;
			productReference = 13B07F961A680F5B00A75B9A /* OnBoard.app */;
			productType = "com.apple.product-type.application";
		};
/* End PBXNativeTarget section */

/* Begin PBXProject section */
		83CBB9F71A601CBA00E9B192 /* Project object */ = {
			isa = PBXProject;
			attributes = {
				LastUpgradeCheck = 1210;
				TargetAttributes = {
					00E356ED1AD99517003FC87E = {
						CreatedOnToolsVersion = 6.2;
						TestTargetID = 13B07F861A680F5B00A75B9A;
					};
					13B07F861A680F5B00A75B9A = {
						LastSwiftMigration = 1120;
					};
				};
			};
			buildConfigurationList = 83CBB9FA1A601CBA00E9B192 /* Build configuration list for PBXProject "OnBoard" */;
			compatibilityVersion = "Xcode 12.0";
			developmentRegion = en;
			hasScannedForEncodings = 0;
			knownRegions = (
				en,
				Base,
			);
			mainGroup = 83CBB9F61A601CBA00E9B192;
			productRefGroup = 83CBBA001A601CBA00E9B192 /* Products */;
			projectDirPath = "";
			projectRoot = "";
			targets = (
				13B07F861A680F5B00A75B9A /* OnBoard */,
				00E356ED1AD99517003FC87E /* OnBoardTests */,
			);
		};
/* End PBXProject section */

/* Begin PBXResourcesBuildPhase section */
		00E356EC1AD99517003FC87E /* Resources */ = {
			isa = PBXResourcesBuildPhase;
			buildActionMask = 2147483647;
			files = (
				4661D2782980D30100F3F999 /* Ionicons.ttf in Resources */,
				4661D2922980D30100F3F999 /* Entypo.ttf in Resources */,
				4661D2962980D30100F3F999 /* FontAwesome5_Regular.ttf in Resources */,
				4661D28C2980D30100F3F999 /* MaterialCommunityIcons.ttf in Resources */,
				4661D27A2980D30100F3F999 /* Foundation.ttf in Resources */,
				4661D2902980D30100F3F999 /* FontAwesome5_Solid.ttf in Resources */,
				4661D2862980D30100F3F999 /* Octicons.ttf in Resources */,
				4661D28A2980D30100F3F999 /* EvilIcons.ttf in Resources */,
				4661D2942980D30100F3F999 /* Zocial.ttf in Resources */,
				4650E7D229817C71002773D7 /* Quicksand-Regular.ttf in Resources */,
				4661D2842980D30100F3F999 /* AntDesign.ttf in Resources */,
				4661D2822980D30100F3F999 /* Feather.ttf in Resources */,
				4650E7DA29817C71002773D7 /* Quicksand-SemiBold.ttf in Resources */,
				4661D2882980D30100F3F999 /* SimpleLineIcons.ttf in Resources */,
				4650E7D429817C71002773D7 /* Quicksand-Bold.ttf in Resources */,
				4661D28E2980D30100F3F999 /* MaterialIcons.ttf in Resources */,
				4661D27E2980D30100F3F999 /* Fontisto.ttf in Resources */,
				4650E7D629817C71002773D7 /* Quicksand-Medium.ttf in Resources */,
				4661D27C2980D30100F3F999 /* FontAwesome.ttf in Resources */,
				4661D2802980D30100F3F999 /* FontAwesome5_Brands.ttf in Resources */,
				4650E7D829817C71002773D7 /* Quicksand-Light.ttf in Resources */,
			);
			runOnlyForDeploymentPostprocessing = 0;
		};
		13B07F8E1A680F5B00A75B9A /* Resources */ = {
			isa = PBXResourcesBuildPhase;
			buildActionMask = 2147483647;
			files = (
				4661D2912980D30100F3F999 /* Entypo.ttf in Resources */,
				4661D27B2980D30100F3F999 /* FontAwesome.ttf in Resources */,
				4650E7D529817C71002773D7 /* Quicksand-Medium.ttf in Resources */,
				4661D2832980D30100F3F999 /* AntDesign.ttf in Resources */,
				4661D28D2980D30100F3F999 /* MaterialIcons.ttf in Resources */,
				4661D2932980D30100F3F999 /* Zocial.ttf in Resources */,
				4661D28F2980D30100F3F999 /* FontAwesome5_Solid.ttf in Resources */,
				4661D2772980D30100F3F999 /* Ionicons.ttf in Resources */,
				4661D2792980D30100F3F999 /* Foundation.ttf in Resources */,
				4661D2952980D30100F3F999 /* FontAwesome5_Regular.ttf in Resources */,
				4661D27D2980D30100F3F999 /* Fontisto.ttf in Resources */,
				4650E7D929817C71002773D7 /* Quicksand-SemiBold.ttf in Resources */,
				4650E7D129817C71002773D7 /* Quicksand-Regular.ttf in Resources */,
				81AB9BB82411601600AC10FF /* LaunchScreen.storyboard in Resources */,
				13B07FBF1A68108700A75B9A /* Images.xcassets in Resources */,
				4661D2852980D30100F3F999 /* Octicons.ttf in Resources */,
				4650E7D729817C71002773D7 /* Quicksand-Light.ttf in Resources */,
				4661D2892980D30100F3F999 /* EvilIcons.ttf in Resources */,
				4661D2812980D30100F3F999 /* Feather.ttf in Resources */,
				4661D27F2980D30100F3F999 /* FontAwesome5_Brands.ttf in Resources */,
				4661D2872980D30100F3F999 /* SimpleLineIcons.ttf in Resources */,
				4661D28B2980D30100F3F999 /* MaterialCommunityIcons.ttf in Resources */,
				4650E7D329817C71002773D7 /* Quicksand-Bold.ttf in Resources */,
				3DBF37B284CBAFD244093873 /* PrivacyInfo.xcprivacy in Resources */,
			);
			runOnlyForDeploymentPostprocessing = 0;
		};
/* End PBXResourcesBuildPhase section */

/* Begin PBXShellScriptBuildPhase section */
		00DD1BFF1BD5951E006B06BC /* Bundle React Native code and images */ = {
			isa = PBXShellScriptBuildPhase;
			buildActionMask = 2147483647;
			files = (
			);
			inputPaths = (
				"$(SRCROOT)/.xcode.env.local",
				"$(SRCROOT)/.xcode.env",
			);
			name = "Bundle React Native code and images";
			outputPaths = (
			);
			runOnlyForDeploymentPostprocessing = 0;
			shellPath = /bin/sh;
			shellScript = "set -e\n\nWITH_ENVIRONMENT=\"$REACT_NATIVE_PATH/scripts/xcode/with-environment.sh\"\nREACT_NATIVE_XCODE=\"$REACT_NATIVE_PATH/scripts/react-native-xcode.sh\"\n\n/bin/sh -c \"$WITH_ENVIRONMENT $REACT_NATIVE_XCODE\"\n";
		};
		155785090762C2D9BF433337 /* [CP] Check Pods Manifest.lock */ = {
			isa = PBXShellScriptBuildPhase;
			buildActionMask = 2147483647;
			files = (
			);
			inputFileListPaths = (
			);
			inputPaths = (
				"${PODS_PODFILE_DIR_PATH}/Podfile.lock",
				"${PODS_ROOT}/Manifest.lock",
			);
			name = "[CP] Check Pods Manifest.lock";
			outputFileListPaths = (
			);
			outputPaths = (
				"$(DERIVED_FILE_DIR)/Pods-OnBoard-OnBoardTests-checkManifestLockResult.txt",
			);
			runOnlyForDeploymentPostprocessing = 0;
			shellPath = /bin/sh;
			shellScript = "diff \"${PODS_PODFILE_DIR_PATH}/Podfile.lock\" \"${PODS_ROOT}/Manifest.lock\" > /dev/null\nif [ $? != 0 ] ; then\n    # print error to STDERR\n    echo \"error: The sandbox is not in sync with the Podfile.lock. Run 'pod install' or update your CocoaPods installation.\" >&2\n    exit 1\nfi\n# This output is used by Xcode 'outputs' to avoid re-running this script phase.\necho \"SUCCESS\" > \"${SCRIPT_OUTPUT_FILE_0}\"\n";
			showEnvVarsInLog = 0;
		};
		50D46434D3EA5E8006AC6861 /* [CP] Check Pods Manifest.lock */ = {
			isa = PBXShellScriptBuildPhase;
			buildActionMask = 2147483647;
			files = (
			);
			inputFileListPaths = (
			);
			inputPaths = (
				"${PODS_PODFILE_DIR_PATH}/Podfile.lock",
				"${PODS_ROOT}/Manifest.lock",
			);
			name = "[CP] Check Pods Manifest.lock";
			outputFileListPaths = (
			);
			outputPaths = (
				"$(DERIVED_FILE_DIR)/Pods-OnBoard-checkManifestLockResult.txt",
			);
			runOnlyForDeploymentPostprocessing = 0;
			shellPath = /bin/sh;
			shellScript = "diff \"${PODS_PODFILE_DIR_PATH}/Podfile.lock\" \"${PODS_ROOT}/Manifest.lock\" > /dev/null\nif [ $? != 0 ] ; then\n    # print error to STDERR\n    echo \"error: The sandbox is not in sync with the Podfile.lock. Run 'pod install' or update your CocoaPods installation.\" >&2\n    exit 1\nfi\n# This output is used by Xcode 'outputs' to avoid re-running this script phase.\necho \"SUCCESS\" > \"${SCRIPT_OUTPUT_FILE_0}\"\n";
			showEnvVarsInLog = 0;
		};
		6266A52D2D8808305DDD75D6 /* [CP] Embed Pods Frameworks */ = {
			isa = PBXShellScriptBuildPhase;
			buildActionMask = 2147483647;
			files = (
			);
			inputFileListPaths = (
				"${PODS_ROOT}/Target Support Files/Pods-OnBoard-OnBoardTests/Pods-OnBoard-OnBoardTests-frameworks-${CONFIGURATION}-input-files.xcfilelist",
			);
			inputPaths = (
			);
			name = "[CP] Embed Pods Frameworks";
			outputFileListPaths = (
				"${PODS_ROOT}/Target Support Files/Pods-OnBoard-OnBoardTests/Pods-OnBoard-OnBoardTests-frameworks-${CONFIGURATION}-output-files.xcfilelist",
			);
			outputPaths = (
			);
			runOnlyForDeploymentPostprocessing = 0;
			shellPath = /bin/sh;
			shellScript = "\"${PODS_ROOT}/Target Support Files/Pods-OnBoard-OnBoardTests/Pods-OnBoard-OnBoardTests-frameworks.sh\"\n";
			showEnvVarsInLog = 0;
		};
		C51737A9AD69BD7E5856B1E2 /* [CP] Copy Pods Resources */ = {
			isa = PBXShellScriptBuildPhase;
			buildActionMask = 2147483647;
			files = (
			);
			inputFileListPaths = (
				"${PODS_ROOT}/Target Support Files/Pods-OnBoard-OnBoardTests/Pods-OnBoard-OnBoardTests-resources-${CONFIGURATION}-input-files.xcfilelist",
			);
			inputPaths = (
			);
			name = "[CP] Copy Pods Resources";
			outputFileListPaths = (
				"${PODS_ROOT}/Target Support Files/Pods-OnBoard-OnBoardTests/Pods-OnBoard-OnBoardTests-resources-${CONFIGURATION}-output-files.xcfilelist",
			);
			outputPaths = (
			);
			runOnlyForDeploymentPostprocessing = 0;
			shellPath = /bin/sh;
			shellScript = "\"${PODS_ROOT}/Target Support Files/Pods-OnBoard-OnBoardTests/Pods-OnBoard-OnBoardTests-resources.sh\"\n";
			showEnvVarsInLog = 0;
		};
		E0A68A9453D7E33BD7A32F35 /* [CP] Embed Pods Frameworks */ = {
			isa = PBXShellScriptBuildPhase;
			buildActionMask = 2147483647;
			files = (
			);
			inputFileListPaths = (
				"${PODS_ROOT}/Target Support Files/Pods-OnBoard/Pods-OnBoard-frameworks-${CONFIGURATION}-input-files.xcfilelist",
			);
			inputPaths = (
			);
			name = "[CP] Embed Pods Frameworks";
			outputFileListPaths = (
				"${PODS_ROOT}/Target Support Files/Pods-OnBoard/Pods-OnBoard-frameworks-${CONFIGURATION}-output-files.xcfilelist",
			);
			outputPaths = (
			);
			runOnlyForDeploymentPostprocessing = 0;
			shellPath = /bin/sh;
			shellScript = "\"${PODS_ROOT}/Target Support Files/Pods-OnBoard/Pods-OnBoard-frameworks.sh\"\n";
			showEnvVarsInLog = 0;
		};
		FA7BC4C8F34C54C0E0186C85 /* [CP] Copy Pods Resources */ = {
			isa = PBXShellScriptBuildPhase;
			buildActionMask = 2147483647;
			files = (
			);
			inputFileListPaths = (
				"${PODS_ROOT}/Target Support Files/Pods-OnBoard/Pods-OnBoard-resources-${CONFIGURATION}-input-files.xcfilelist",
			);
			inputPaths = (
			);
			name = "[CP] Copy Pods Resources";
			outputFileListPaths = (
				"${PODS_ROOT}/Target Support Files/Pods-OnBoard/Pods-OnBoard-resources-${CONFIGURATION}-output-files.xcfilelist",
			);
			outputPaths = (
			);
			runOnlyForDeploymentPostprocessing = 0;
			shellPath = /bin/sh;
			shellScript = "\"${PODS_ROOT}/Target Support Files/Pods-OnBoard/Pods-OnBoard-resources.sh\"\n";
			showEnvVarsInLog = 0;
		};
/* End PBXShellScriptBuildPhase section */

/* Begin PBXSourcesBuildPhase section */
		00E356EA1AD99517003FC87E /* Sources */ = {
			isa = PBXSourcesBuildPhase;
			buildActionMask = 2147483647;
			files = (
				00E356F31AD99517003FC87E /* OnBoardTests.m in Sources */,
			);
			runOnlyForDeploymentPostprocessing = 0;
		};
		13B07F871A680F5B00A75B9A /* Sources */ = {
			isa = PBXSourcesBuildPhase;
			buildActionMask = 2147483647;
			files = (
				13B07FBC1A68108700A75B9A /* AppDelegate.mm in Sources */,
				13B07FC11A68108700A75B9A /* main.m in Sources */,
			);
			runOnlyForDeploymentPostprocessing = 0;
		};
/* End PBXSourcesBuildPhase section */

/* Begin PBXTargetDependency section */
		00E356F51AD99517003FC87E /* PBXTargetDependency */ = {
			isa = PBXTargetDependency;
			target = 13B07F861A680F5B00A75B9A /* OnBoard */;
			targetProxy = 00E356F41AD99517003FC87E /* PBXContainerItemProxy */;
		};
/* End PBXTargetDependency section */

/* Begin XCBuildConfiguration section */
		00E356F61AD99517003FC87E /* Debug */ = {
			isa = XCBuildConfiguration;
			baseConfigurationReference = 99B89462D8A166F0B4E18F5F /* Pods-OnBoard-OnBoardTests.debug.xcconfig */;
			buildSettings = {
				BUNDLE_LOADER = "$(TEST_HOST)";
				GCC_PREPROCESSOR_DEFINITIONS = (
					"DEBUG=1",
					"$(inherited)",
				);
				INFOPLIST_FILE = OnBoardTests/Info.plist;
				IPHONEOS_DEPLOYMENT_TARGET = 15.1;
				LD_RUNPATH_SEARCH_PATHS = (
					"$(inherited)",
					"@executable_path/Frameworks",
					"@loader_path/Frameworks",
				);
				OTHER_LDFLAGS = (
					"-ObjC",
					"-lc++",
					"$(inherited)",
				);
				PRODUCT_BUNDLE_IDENTIFIER = "org.reactjs.native.example.$(PRODUCT_NAME:rfc1034identifier)";
				PRODUCT_NAME = "$(TARGET_NAME)";
				TEST_HOST = "$(BUILT_PRODUCTS_DIR)/OnBoard.app/OnBoard";
			};
			name = Debug;
		};
		00E356F71AD99517003FC87E /* Release */ = {
			isa = XCBuildConfiguration;
			baseConfigurationReference = CD038B344FC4B85AAB2089DE /* Pods-OnBoard-OnBoardTests.release.xcconfig */;
			buildSettings = {
				BUNDLE_LOADER = "$(TEST_HOST)";
				COPY_PHASE_STRIP = NO;
				INFOPLIST_FILE = OnBoardTests/Info.plist;
				IPHONEOS_DEPLOYMENT_TARGET = 15.1;
				LD_RUNPATH_SEARCH_PATHS = (
					"$(inherited)",
					"@executable_path/Frameworks",
					"@loader_path/Frameworks",
				);
				OTHER_LDFLAGS = (
					"-ObjC",
					"-lc++",
					"$(inherited)",
				);
				PRODUCT_BUNDLE_IDENTIFIER = "org.reactjs.native.example.$(PRODUCT_NAME:rfc1034identifier)";
				PRODUCT_NAME = "$(TARGET_NAME)";
				TEST_HOST = "$(BUILT_PRODUCTS_DIR)/OnBoard.app/OnBoard";
			};
			name = Release;
		};
		13B07F941A680F5B00A75B9A /* Debug */ = {
			isa = XCBuildConfiguration;
			baseConfigurationReference = 15CDDEE4C7ECFE33F229DF00 /* Pods-OnBoard.debug.xcconfig */;
			buildSettings = {
				ASSETCATALOG_COMPILER_APPICON_NAME = AppIcon;
				CLANG_ENABLE_MODULES = YES;
				CURRENT_PROJECT_VERSION = 2;
				DEVELOPMENT_TEAM = 4XKQU77DH7;
				ENABLE_BITCODE = NO;
				INFOPLIST_FILE = OnBoard/Info.plist;
				INFOPLIST_KEY_CFBundleDisplayName = OnBoard;
				INFOPLIST_KEY_LSApplicationCategoryType = "public.app-category.business";
				IPHONEOS_DEPLOYMENT_TARGET = 15.1;
				LD_RUNPATH_SEARCH_PATHS = (
					"$(inherited)",
					"@executable_path/Frameworks",
				);
				MARKETING_VERSION = 1.5.3;
				OTHER_LDFLAGS = (
					"$(inherited)",
					"-ObjC",
					"-lc++",
				);
				PRODUCT_BUNDLE_IDENTIFIER = com.mcsurfaces.onboard;
				PRODUCT_NAME = OnBoard;
				SUPPORTED_PLATFORMS = "iphoneos iphonesimulator";
				SUPPORTS_MACCATALYST = NO;
				SUPPORTS_MAC_DESIGNED_FOR_IPHONE_IPAD = NO;
				SUPPORTS_XR_DESIGNED_FOR_IPHONE_IPAD = NO;
				SWIFT_OPTIMIZATION_LEVEL = "-Onone";
				SWIFT_VERSION = 5.0;
				TARGETED_DEVICE_FAMILY = 2;
				VERSIONING_SYSTEM = "apple-generic";
			};
			name = Debug;
		};
		13B07F951A680F5B00A75B9A /* Release */ = {
			isa = XCBuildConfiguration;
			baseConfigurationReference = 63038A2C1881EAF4F39803F6 /* Pods-OnBoard.release.xcconfig */;
			buildSettings = {
				ASSETCATALOG_COMPILER_APPICON_NAME = AppIcon;
				CLANG_ENABLE_MODULES = YES;
				CURRENT_PROJECT_VERSION = 2;
				DEVELOPMENT_TEAM = 4XKQU77DH7;
				INFOPLIST_FILE = OnBoard/Info.plist;
				INFOPLIST_KEY_CFBundleDisplayName = OnBoard;
				INFOPLIST_KEY_LSApplicationCategoryType = "public.app-category.business";
				IPHONEOS_DEPLOYMENT_TARGET = 15.1;
				LD_RUNPATH_SEARCH_PATHS = (
					"$(inherited)",
					"@executable_path/Frameworks",
				);
				MARKETING_VERSION = 1.5.3;
				OTHER_LDFLAGS = (
					"$(inherited)",
					"-ObjC",
					"-lc++",
				);
				PRODUCT_BUNDLE_IDENTIFIER = com.mcsurfaces.onboard;
				PRODUCT_NAME = OnBoard;
				SUPPORTED_PLATFORMS = "iphoneos iphonesimulator";
				SUPPORTS_MACCATALYST = NO;
				SUPPORTS_MAC_DESIGNED_FOR_IPHONE_IPAD = NO;
				SUPPORTS_XR_DESIGNED_FOR_IPHONE_IPAD = NO;
				SWIFT_VERSION = 5.0;
				TARGETED_DEVICE_FAMILY = 2;
				VERSIONING_SYSTEM = "apple-generic";
			};
			name = Release;
		};
		83CBBA201A601CBA00E9B192 /* Debug */ = {
			isa = XCBuildConfiguration;
			buildSettings = {
				ALWAYS_SEARCH_USER_PATHS = NO;
				CLANG_ANALYZER_LOCALIZABILITY_NONLOCALIZED = YES;
				CLANG_CXX_LANGUAGE_STANDARD = "c++20";
				CLANG_CXX_LIBRARY = "libc++";
				CLANG_ENABLE_MODULES = YES;
				CLANG_ENABLE_OBJC_ARC = YES;
				CLANG_WARN_BLOCK_CAPTURE_AUTORELEASING = YES;
				CLANG_WARN_BOOL_CONVERSION = YES;
				CLANG_WARN_COMMA = YES;
				CLANG_WARN_CONSTANT_CONVERSION = YES;
				CLANG_WARN_DEPRECATED_OBJC_IMPLEMENTATIONS = YES;
				CLANG_WARN_DIRECT_OBJC_ISA_USAGE = YES_ERROR;
				CLANG_WARN_EMPTY_BODY = YES;
				CLANG_WARN_ENUM_CONVERSION = YES;
				CLANG_WARN_INFINITE_RECURSION = YES;
				CLANG_WARN_INT_CONVERSION = YES;
				CLANG_WARN_NON_LITERAL_NULL_CONVERSION = YES;
				CLANG_WARN_OBJC_IMPLICIT_RETAIN_SELF = YES;
				CLANG_WARN_OBJC_LITERAL_CONVERSION = YES;
				CLANG_WARN_OBJC_ROOT_CLASS = YES_ERROR;
				CLANG_WARN_QUOTED_INCLUDE_IN_FRAMEWORK_HEADER = YES;
				CLANG_WARN_RANGE_LOOP_ANALYSIS = YES;
				CLANG_WARN_STRICT_PROTOTYPES = YES;
				CLANG_WARN_SUSPICIOUS_MOVE = YES;
				CLANG_WARN_UNREACHABLE_CODE = YES;
				CLANG_WARN__DUPLICATE_METHOD_MATCH = YES;
				"CODE_SIGN_IDENTITY[sdk=iphoneos*]" = "iPhone Developer";
				COPY_PHASE_STRIP = NO;
				ENABLE_STRICT_OBJC_MSGSEND = YES;
				ENABLE_TESTABILITY = YES;
				"EXCLUDED_ARCHS[sdk=iphonesimulator*]" = i386;
				GCC_C_LANGUAGE_STANDARD = gnu99;
				GCC_DYNAMIC_NO_PIC = NO;
				GCC_NO_COMMON_BLOCKS = YES;
				GCC_OPTIMIZATION_LEVEL = 0;
				GCC_PREPROCESSOR_DEFINITIONS = (
					"DEBUG=1",
					"$(inherited)",
				);
				GCC_SYMBOLS_PRIVATE_EXTERN = NO;
				GCC_WARN_64_TO_32_BIT_CONVERSION = YES;
				GCC_WARN_ABOUT_RETURN_TYPE = YES_ERROR;
				GCC_WARN_UNDECLARED_SELECTOR = YES;
				GCC_WARN_UNINITIALIZED_AUTOS = YES_AGGRESSIVE;
				GCC_WARN_UNUSED_FUNCTION = YES;
				GCC_WARN_UNUSED_VARIABLE = YES;
				IPHONEOS_DEPLOYMENT_TARGET = 15.1;
				LD_RUNPATH_SEARCH_PATHS = (
					/usr/lib/swift,
					"$(inherited)",
				);
				LIBRARY_SEARCH_PATHS = (
					"\"$(SDKROOT)/usr/lib/swift\"",
					"\"$(TOOLCHAIN_DIR)/usr/lib/swift/$(PLATFORM_NAME)\"",
					"\"$(inherited)\"",
				);
				MTL_ENABLE_DEBUG_INFO = YES;
				ONLY_ACTIVE_ARCH = YES;
				OTHER_CFLAGS = "$(inherited)  ";
				OTHER_CPLUSPLUSFLAGS = (
					"$(OTHER_CFLAGS)",
					"-DFOLLY_NO_CONFIG",
					"-DFOLLY_MOBILE=1",
					"-DFOLLY_USE_LIBCPP=1",
					"-DFOLLY_CFG_NO_COROUTINES=1",
					"-DFOLLY_HAVE_CLOCK_GETTIME=1",
				);
				OTHER_LDFLAGS = "$(inherited)  ";
				REACT_NATIVE_PATH = "${PODS_ROOT}/../../node_modules/react-native";
				SDKROOT = iphoneos;
				SWIFT_ACTIVE_COMPILATION_CONDITIONS = "$(inherited) DEBUG";
				USE_HERMES = true;
			};
			name = Debug;
		};
		83CBBA211A601CBA00E9B192 /* Release */ = {
			isa = XCBuildConfiguration;
			buildSettings = {
				ALWAYS_SEARCH_USER_PATHS = NO;
				CLANG_ANALYZER_LOCALIZABILITY_NONLOCALIZED = YES;
				CLANG_CXX_LANGUAGE_STANDARD = "c++20";
				CLANG_CXX_LIBRARY = "libc++";
				CLANG_ENABLE_MODULES = YES;
				CLANG_ENABLE_OBJC_ARC = YES;
				CLANG_WARN_BLOCK_CAPTURE_AUTORELEASING = YES;
				CLANG_WARN_BOOL_CONVERSION = YES;
				CLANG_WARN_COMMA = YES;
				CLANG_WARN_CONSTANT_CONVERSION = YES;
				CLANG_WARN_DEPRECATED_OBJC_IMPLEMENTATIONS = YES;
				CLANG_WARN_DIRECT_OBJC_ISA_USAGE = YES_ERROR;
				CLANG_WARN_EMPTY_BODY = YES;
				CLANG_WARN_ENUM_CONVERSION = YES;
				CLANG_WARN_INFINITE_RECURSION = YES;
				CLANG_WARN_INT_CONVERSION = YES;
				CLANG_WARN_NON_LITERAL_NULL_CONVERSION = YES;
				CLANG_WARN_OBJC_IMPLICIT_RETAIN_SELF = YES;
				CLANG_WARN_OBJC_LITERAL_CONVERSION = YES;
				CLANG_WARN_OBJC_ROOT_CLASS = YES_ERROR;
				CLANG_WARN_QUOTED_INCLUDE_IN_FRAMEWORK_HEADER = YES;
				CLANG_WARN_RANGE_LOOP_ANALYSIS = YES;
				CLANG_WARN_STRICT_PROTOTYPES = YES;
				CLANG_WARN_SUSPICIOUS_MOVE = YES;
				CLANG_WARN_UNREACHABLE_CODE = YES;
				CLANG_WARN__DUPLICATE_METHOD_MATCH = YES;
				"CODE_SIGN_IDENTITY[sdk=iphoneos*]" = "iPhone Developer";
				COPY_PHASE_STRIP = YES;
				ENABLE_NS_ASSERTIONS = NO;
				ENABLE_STRICT_OBJC_MSGSEND = YES;
				"EXCLUDED_ARCHS[sdk=iphonesimulator*]" = i386;
				GCC_C_LANGUAGE_STANDARD = gnu99;
				GCC_NO_COMMON_BLOCKS = YES;
				GCC_WARN_64_TO_32_BIT_CONVERSION = YES;
				GCC_WARN_ABOUT_RETURN_TYPE = YES_ERROR;
				GCC_WARN_UNDECLARED_SELECTOR = YES;
				GCC_WARN_UNINITIALIZED_AUTOS = YES_AGGRESSIVE;
				GCC_WARN_UNUSED_FUNCTION = YES;
				GCC_WARN_UNUSED_VARIABLE = YES;
				IPHONEOS_DEPLOYMENT_TARGET = 15.1;
				LD_RUNPATH_SEARCH_PATHS = (
					/usr/lib/swift,
					"$(inherited)",
				);
				LIBRARY_SEARCH_PATHS = (
					"\"$(SDKROOT)/usr/lib/swift\"",
					"\"$(TOOLCHAIN_DIR)/usr/lib/swift/$(PLATFORM_NAME)\"",
					"\"$(inherited)\"",
				);
				MTL_ENABLE_DEBUG_INFO = NO;
				OTHER_CFLAGS = "$(inherited)  ";
				OTHER_CPLUSPLUSFLAGS = (
					"$(OTHER_CFLAGS)",
					"-DFOLLY_NO_CONFIG",
					"-DFOLLY_MOBILE=1",
					"-DFOLLY_USE_LIBCPP=1",
					"-DFOLLY_CFG_NO_COROUTINES=1",
					"-DFOLLY_HAVE_CLOCK_GETTIME=1",
				);
				OTHER_LDFLAGS = "$(inherited)  ";
				REACT_NATIVE_PATH = "${PODS_ROOT}/../../node_modules/react-native";
				SDKROOT = iphoneos;
				USE_HERMES = true;
				VALIDATE_PRODUCT = YES;
			};
			name = Release;
		};
/* End XCBuildConfiguration section */

/* Begin XCConfigurationList section */
		00E357021AD99517003FC87E /* Build configuration list for PBXNativeTarget "OnBoardTests" */ = {
			isa = XCConfigurationList;
			buildConfigurations = (
				00E356F61AD99517003FC87E /* Debug */,
				00E356F71AD99517003FC87E /* Release */,
			);
			defaultConfigurationIsVisible = 0;
			defaultConfigurationName = Release;
		};
		13B07F931A680F5B00A75B9A /* Build configuration list for PBXNativeTarget "OnBoard" */ = {
			isa = XCConfigurationList;
			buildConfigurations = (
				13B07F941A680F5B00A75B9A /* Debug */,
				13B07F951A680F5B00A75B9A /* Release */,
			);
			defaultConfigurationIsVisible = 0;
			defaultConfigurationName = Release;
		};
		83CBB9FA1A601CBA00E9B192 /* Build configuration list for PBXProject "OnBoard" */ = {
			isa = XCConfigurationList;
			buildConfigurations = (
				83CBBA201A601CBA00E9B192 /* Debug */,
				83CBBA211A601CBA00E9B192 /* Release */,
			);
			defaultConfigurationIsVisible = 0;
			defaultConfigurationName = Release;
		};
/* End XCConfigurationList section */
	};
	rootObject = 83CBB9F71A601CBA00E9B192 /* Project object */;
}
